Microsoft Visual Studio Solution File, Format Version 12.00
# Visual Studio Version 17
VisualStudioVersion = 17.14.36811.4
MinimumVisualStudioVersion = 10.0.40219.1

Project("{FAE04EC0-301F-11D3-BF4B-00C04F79EFBC}") = "Data Structure", "Data Structures.csproj", "{295DB595-4377-4992-BBFB-2452AE290E9C}"
EndProject

Project("{FAE04EC0-301F-11D3-BF4B-00C04F79EFBC}") = "Algorithms", "Algorithms\Algorithms.csproj", "{946F2FAD-3241-45DD-80D1-99506122D6F1}"
EndProject

Global

	GlobalSection(SolutionConfigurationPlatforms) = preSolution
		Debug|Any CPU = Debug|Any CPU
		Release|Any CPU = Release|Any CPU
	EndGlobalSection

	GlobalSection(ProjectConfigurationPlatforms) = postSolution

		{295DB595-4377-4992-BBFB-2452AE290E9C}.Debug|Any CPU.ActiveCfg = Debug|Any CPU
		{295DB595-4377-4992-BBFB-2452AE290E9C}.Debug|Any CPU.Build.0 = Debug|Any CPU

		{295DB595-4377-4992-BBFB-2452AE290E9C}.Release|Any CPU.ActiveCfg = Release|Any CPU
		{295DB595-4377-4992-BBFB-2452AE290E9C}.Release|Any CPU.Build.0 = Release|Any CPU

		{946F2FAD-3241-45DD-80D1-99506122D6F1}.Debug|Any CPU.ActiveCfg = Debug|Any CPU
		{946F2FAD-3241-45DD-80D1-99506122D6F1}.Debug|Any CPU.Build.0 = Debug|Any CPU

		{946F2FAD-3241-45DD-80D1-99506122D6F1}.Release|Any CPU.ActiveCfg = Release|Any CPU
		{946F2FAD-3241-45DD-80D1-99506122D6F1}.Release|Any CPU.Build.0 = Release|Any CPU

	EndGlobalSection

	GlobalSection(SolutionProperties) = preSolution
		HideSolutionNode = FALSE
	EndGlobalSection

	GlobalSection(ExtensibilityGlobals) = postSolution
		SolutionGuid = {3AAFB4C4-5C6C-4288-BB36-6E4029406144}
	EndGlobalSection

EndGlobal